
Microsoft Visual Studio Solution File, Format Version 12.00
# Visual Studio Version 17
VisualStudioVersion = 17.3.32901.215
MinimumVisualStudioVersion = 10.0.40219.1
Project("{FAE04EC0-301F-11D3-BF4B-00C04F79EFBC}") = "AirportFlightFinder.API", "src\AirportFlightFinder.API\AirportFlightFinder.API.csproj", "{63FCC388-FEB3-4CB2-88C5-28CB9D7E15FB}"
EndProject
Global
	GlobalSection(SolutionConfigurationPlatforms) = preSolution
		Debug|Any CPU = Debug|Any CPU
		Release|Any CPU = Release|Any CPU
	EndGlobalSection
	GlobalSection(ProjectConfigurationPlatforms) = postSolution
		{63FCC388-FEB3-4CB2-88C5-28CB9D7E15FB}.Debug|Any CPU.ActiveCfg = Debug|Any CPU
		{63FCC388-FEB3-4CB2-88C5-28CB9D7E15FB}.Debug|Any CPU.Build.0 = Debug|Any CPU
		{63FCC388-FEB3-4CB2-88C5-28CB9D7E15FB}.Release|Any CPU.ActiveCfg = Release|Any CPU
		{63FCC388-FEB3-4CB2-88C5-28CB9D7E15FB}.Release|Any CPU.Build.0 = Release|Any CPU
	EndGlobalSection
	GlobalSection(SolutionProperties) = preSolution
		HideSolutionNode = FALSE
	EndGlobalSection
	GlobalSection(ExtensibilityGlobals) = postSolution
		SolutionGuid = {2F6CA777-7C17-474E-B4DE-1FB510A2B09A}
	EndGlobalSection
EndGlobal
